<?xml version="1.0" encoding="utf-8"?>
<Project ToolsVersion="4.0" xmlns="http://schemas.microsoft.com/developer/msbuild/2003">
  <ItemGroup>
    <Filter Include="Source">
      <UniqueIdentifier>{56EB95D1-428D-C0A7-2B48-D4FB178947F8}</UniqueIdentifier>
    </Filter>
    <Filter Include="Source\Application">
      <UniqueIdentifier>{19D87881-05BC-39D7-6E1C-342A5A1F2459}</UniqueIdentifier>
    </Filter>
    <Filter Include="Source\Event">
      <UniqueIdentifier>{2715F0F1-1378-7F96-BCFD-B74CA83F4B19}</UniqueIdentifier>
    </Filter>
    <Filter Include="Source\Input">
      <UniqueIdentifier>{D54334F2-C1A6-C396-6A2C-FC4C566E8F19}</UniqueIdentifier>
    </Filter>
    <Filter Include="Source\Input\Keyboard">
      <UniqueIdentifier>{F597C2E7-6104-7EE2-2AF8-15409623A04A}</UniqueIdentifier>
    </Filter>
    <Filter Include="Source\Input\Mouse">
      <UniqueIdentifier>{EDC2A1C6-D9A6-621C-4207-5D6F2E0A4D9E}</UniqueIdentifier>
    </Filter>
    <Filter Include="Source\Scene">
      <UniqueIdentifier>{F300E3F2-DF63-7297-88E9-AA4D742B3E1A}</UniqueIdentifier>
    </Filter>
    <Filter Include="Source\Scene\MainMenuScene">
      <UniqueIdentifier>{4A5206E7-3662-B2B7-9F1B-17D68B4AA150}</UniqueIdentifier>
    </Filter>
    <Filter Include="Source\UI">
      <UniqueIdentifier>{C3068266-2F71-36DD-78AF-E782E4581432}</UniqueIdentifier>
    </Filter>
    <Filter Include="Source\Utility">
      <UniqueIdentifier>{999F8AF9-856D-7EFF-6E01-EF255A6E5A64}</UniqueIdentifier>
    </Filter>
    <Filter Include="Source\Window">
      <UniqueIdentifier>{7D1B0959-E9DB-848F-B216-CE0C1E96C96B}</UniqueIdentifier>
    </Filter>
  </ItemGroup>
  <ItemGroup>
    <ClInclude Include="Source\Application\Application.hpp">
      <Filter>Source\Application</Filter>
    </ClInclude>
    <ClInclude Include="Source\Event\ApplicationEvent.hpp">
      <Filter>Source\Event</Filter>
    </ClInclude>
    <ClInclude Include="Source\Event\Event.hpp">
      <Filter>Source\Event</Filter>
    </ClInclude>
    <ClInclude Include="Source\Event\EventDispatcher.hpp">
      <Filter>Source\Event</Filter>
    </ClInclude>
    <ClInclude Include="Source\Event\KeyEvent.hpp">
      <Filter>Source\Event</Filter>
    </ClInclude>
    <ClInclude Include="Source\Event\MouseEvent.hpp">
      <Filter>Source\Event</Filter>
    </ClInclude>
    <ClInclude Include="Source\Input\Input.hpp">
      <Filter>Source\Input</Filter>
    </ClInclude>
    <ClInclude Include="Source\Input\Keyboard\KeyCodes.hpp">
      <Filter>Source\Input\Keyboard</Filter>
    </ClInclude>
    <ClInclude Include="Source\Input\Mouse\MouseCodes.hpp">
      <Filter>Source\Input\Mouse</Filter>
    </ClInclude>
    <ClInclude Include="Source\Scene\MainMenuScene\MainMenuScene.hpp">
      <Filter>Source\Scene\MainMenuScene</Filter>
    </ClInclude>
    <ClInclude Include="Source\Scene\Scene.hpp">
      <Filter>Source\Scene</Filter>
    </ClInclude>
    <ClInclude Include="Source\UI\ImGuiRenderer.hpp">
      <Filter>Source\UI</Filter>
    </ClInclude>
    <ClInclude Include="Source\UI\ImGuiWidgets.hpp">
      <Filter>Source\UI</Filter>
    </ClInclude>
    <ClInclude Include="Source\Utility\FileUtils.hpp">
      <Filter>Source\Utility</Filter>
    </ClInclude>
    <ClInclude Include="Source\Utility\OpenGLUtils.hpp">
      <Filter>Source\Utility</Filter>
    </ClInclude>
    <ClInclude Include="Source\Window\Window.hpp">
      <Filter>Source\Window</Filter>
    </ClInclude>
    <ClInclude Include="Source\pch.hpp">
      <Filter>Source</Filter>
    </ClInclude>
  </ItemGroup>
  <ItemGroup>
    <ClCompile Include="Source\Application\Application.cpp">
      <Filter>Source\Application</Filter>
    </ClCompile>
    <ClCompile Include="Source\Input\Input.cpp">
      <Filter>Source\Input</Filter>
    </ClCompile>
    <ClCompile Include="Source\Main.cpp">
      <Filter>Source</Filter>
    </ClCompile>
    <ClCompile Include="Source\Scene\MainMenuScene\MainMenuScene.cpp">
      <Filter>Source\Scene\MainMenuScene</Filter>
    </ClCompile>
    <ClCompile Include="Source\UI\ImGuiImpl.cpp">
      <Filter>Source\UI</Filter>
    </ClCompile>
    <ClCompile Include="Source\UI\ImGuiRenderer.cpp">
      <Filter>Source\UI</Filter>
    </ClCompile>
    <ClCompile Include="Source\Window\Window.cpp">
      <Filter>Source\Window</Filter>
    </ClCompile>
    <ClCompile Include="Source\pch.cpp">
      <Filter>Source</Filter>
    </ClCompile>
  </ItemGroup>
  <ItemGroup>
    <None Include="premake5.lua" />
  </ItemGroup>
</Project>