<?xml version="1.0" encoding="utf-8"?>
<Project ToolsVersion="4.0" xmlns="http://schemas.microsoft.com/developer/msbuild/2003">
  <ItemGroup>
    <Filter Include="Resources">
      <UniqueIdentifier>{000BCD17-6C75-818E-B5B3-3234215D5FE3}</UniqueIdentifier>
    </Filter>
    <Filter Include="Resources\Shaders">
      <UniqueIdentifier>{D92F8C3C-4546-8AD2-8EBD-15F4FA125B5A}</UniqueIdentifier>
    </Filter>
    <Filter Include="Source">
      <UniqueIdentifier>{56EB95D1-428D-C0A7-2B48-D4FB178947F8}</UniqueIdentifier>
    </Filter>
    <Filter Include="Source\Application">
      <UniqueIdentifier>{19D87881-05BC-39D7-6E1C-342A5A1F2459}</UniqueIdentifier>
    </Filter>
    <Filter Include="Source\Event">
      <UniqueIdentifier>{2715F0F1-1378-7F96-BCFD-B74CA83F4B19}</UniqueIdentifier>
    </Filter>
    <Filter Include="Source\Graphics">
      <UniqueIdentifier>{56D4EE92-C25F-5C57-CB70-DF4B377BB857}</UniqueIdentifier>
    </Filter>
    <Filter Include="Source\Graphics\Buffer">
      <UniqueIdentifier>{7F59FAE1-6B53-2334-54C0-B944405989A0}</UniqueIdentifier>
    </Filter>
    <Filter Include="Source\Graphics\Buffer\BufferLayout">
      <UniqueIdentifier>{C6B649E1-3270-B48B-BBCF-CE6527886AFB}</UniqueIdentifier>
    </Filter>
    <Filter Include="Source\Graphics\Buffer\IndexBuffer">
      <UniqueIdentifier>{A0B66A42-8CF2-6DAC-F504-86A3E15F16C7}</UniqueIdentifier>
    </Filter>
    <Filter Include="Source\Graphics\Buffer\VertexArray">
      <UniqueIdentifier>{8B5428DE-7790-2B48-E0A2-433FCCFDD362}</UniqueIdentifier>
    </Filter>
    <Filter Include="Source\Graphics\Buffer\VertexBuffer">
      <UniqueIdentifier>{A6D6B7A5-1290-2250-9BEF-3C2A07A8D8BF}</UniqueIdentifier>
    </Filter>
    <Filter Include="Source\Graphics\Shader">
      <UniqueIdentifier>{3C07B408-2801-DD5A-116E-736BFD0643C7}</UniqueIdentifier>
    </Filter>
    <Filter Include="Source\Input">
      <UniqueIdentifier>{D54334F2-C1A6-C396-6A2C-FC4C566E8F19}</UniqueIdentifier>
    </Filter>
    <Filter Include="Source\Input\Keyboard">
      <UniqueIdentifier>{F597C2E7-6104-7EE2-2AF8-15409623A04A}</UniqueIdentifier>
    </Filter>
    <Filter Include="Source\Input\Mouse">
      <UniqueIdentifier>{EDC2A1C6-D9A6-621C-4207-5D6F2E0A4D9E}</UniqueIdentifier>
    </Filter>
    <Filter Include="Source\Scenes">
      <UniqueIdentifier>{C61F434F-32E0-BE85-FB1A-0803679A0362}</UniqueIdentifier>
    </Filter>
    <Filter Include="Source\Scenes\MainMenuScene">
      <UniqueIdentifier>{5D66225E-C973-5044-525A-4C2FBE661CFB}</UniqueIdentifier>
    </Filter>
    <Filter Include="Source\Scenes\TrianglesScene">
      <UniqueIdentifier>{ACA27B50-985D-6BFC-4115-E4462DAFB58C}</UniqueIdentifier>
    </Filter>
    <Filter Include="Source\UI">
      <UniqueIdentifier>{C3068266-2F71-36DD-78AF-E782E4581432}</UniqueIdentifier>
    </Filter>
    <Filter Include="Source\Utility">
      <UniqueIdentifier>{999F8AF9-856D-7EFF-6E01-EF255A6E5A64}</UniqueIdentifier>
    </Filter>
    <Filter Include="Source\Window">
      <UniqueIdentifier>{7D1B0959-E9DB-848F-B216-CE0C1E96C96B}</UniqueIdentifier>
    </Filter>
  </ItemGroup>
  <ItemGroup>
    <ClInclude Include="Source\Application\Application.hpp">
      <Filter>Source\Application</Filter>
    </ClInclude>
    <ClInclude Include="Source\Event\ApplicationEvent.hpp">
      <Filter>Source\Event</Filter>
    </ClInclude>
    <ClInclude Include="Source\Event\Event.hpp">
      <Filter>Source\Event</Filter>
    </ClInclude>
    <ClInclude Include="Source\Event\EventDispatcher.hpp">
      <Filter>Source\Event</Filter>
    </ClInclude>
    <ClInclude Include="Source\Event\KeyEvent.hpp">
      <Filter>Source\Event</Filter>
    </ClInclude>
    <ClInclude Include="Source\Event\MouseEvent.hpp">
      <Filter>Source\Event</Filter>
    </ClInclude>
    <ClInclude Include="Source\Graphics\Buffer\BufferLayout\BufferElement.hpp">
      <Filter>Source\Graphics\Buffer\BufferLayout</Filter>
    </ClInclude>
    <ClInclude Include="Source\Graphics\Buffer\BufferLayout\BufferLayout.hpp">
      <Filter>Source\Graphics\Buffer\BufferLayout</Filter>
    </ClInclude>
    <ClInclude Include="Source\Graphics\Buffer\IndexBuffer\IndexBuffer.hpp">
      <Filter>Source\Graphics\Buffer\IndexBuffer</Filter>
    </ClInclude>
    <ClInclude Include="Source\Graphics\Buffer\VertexArray\VertexArray.hpp">
      <Filter>Source\Graphics\Buffer\VertexArray</Filter>
    </ClInclude>
    <ClInclude Include="Source\Graphics\Buffer\VertexBuffer\VertexBuffer.hpp">
      <Filter>Source\Graphics\Buffer\VertexBuffer</Filter>
    </ClInclude>
    <ClInclude Include="Source\Graphics\Shader\Shader.hpp">
      <Filter>Source\Graphics\Shader</Filter>
    </ClInclude>
    <ClInclude Include="Source\Input\Input.hpp">
      <Filter>Source\Input</Filter>
    </ClInclude>
    <ClInclude Include="Source\Input\Keyboard\KeyCodes.hpp">
      <Filter>Source\Input\Keyboard</Filter>
    </ClInclude>
    <ClInclude Include="Source\Input\Mouse\MouseCodes.hpp">
      <Filter>Source\Input\Mouse</Filter>
    </ClInclude>
    <ClInclude Include="Source\Scenes\MainMenuScene\MainMenuScene.hpp">
      <Filter>Source\Scenes\MainMenuScene</Filter>
    </ClInclude>
    <ClInclude Include="Source\Scenes\Scene.hpp">
      <Filter>Source\Scenes</Filter>
    </ClInclude>
    <ClInclude Include="Source\Scenes\TriangleScene\TriangleScene.hpp">
      <Filter>Source\Scenes\TrianglesScene</Filter>
    </ClInclude>
    <ClInclude Include="Source\UI\ImGuiRenderer.hpp">
      <Filter>Source\UI</Filter>
    </ClInclude>
    <ClInclude Include="Source\UI\ImGuiWidgets.hpp">
      <Filter>Source\UI</Filter>
    </ClInclude>
    <ClInclude Include="Source\Utility\FileUtils.hpp">
      <Filter>Source\Utility</Filter>
    </ClInclude>
    <ClInclude Include="Source\Utility\OpenGLUtils.hpp">
      <Filter>Source\Utility</Filter>
    </ClInclude>
    <ClInclude Include="Source\Window\Window.hpp">
      <Filter>Source\Window</Filter>
    </ClInclude>
    <ClInclude Include="Source\pch.hpp">
      <Filter>Source</Filter>
    </ClInclude>
    <ClInclude Include="Source\Timer\IntervalTimer.hpp" />
    <ClInclude Include="Source\Timer\TimeoutTimer.hpp" />
    <ClInclude Include="Source\Timer\Timer.hpp" />
  </ItemGroup>
  <ItemGroup>
    <ClCompile Include="Source\Application\Application.cpp">
      <Filter>Source\Application</Filter>
    </ClCompile>
    <ClCompile Include="Source\Graphics\Buffer\BufferLayout\BufferLayout.cpp">
      <Filter>Source\Graphics\Buffer\BufferLayout</Filter>
    </ClCompile>
    <ClCompile Include="Source\Graphics\Buffer\IndexBuffer\IndexBuffer.cpp">
      <Filter>Source\Graphics\Buffer\IndexBuffer</Filter>
    </ClCompile>
    <ClCompile Include="Source\Graphics\Buffer\VertexArray\VertexArray.cpp">
      <Filter>Source\Graphics\Buffer\VertexArray</Filter>
    </ClCompile>
    <ClCompile Include="Source\Graphics\Buffer\VertexBuffer\VertexBuffer.cpp">
      <Filter>Source\Graphics\Buffer\VertexBuffer</Filter>
    </ClCompile>
    <ClCompile Include="Source\Graphics\Shader\Shader.cpp">
      <Filter>Source\Graphics\Shader</Filter>
    </ClCompile>
    <ClCompile Include="Source\Input\Input.cpp">
      <Filter>Source\Input</Filter>
    </ClCompile>
    <ClCompile Include="Source\Main.cpp">
      <Filter>Source</Filter>
    </ClCompile>
    <ClCompile Include="Source\Scenes\MainMenuScene\MainMenuScene.cpp">
      <Filter>Source\Scenes\MainMenuScene</Filter>
    </ClCompile>
    <ClCompile Include="Source\Scenes\TriangleScene\TriangleScene.cpp">
      <Filter>Source\Scenes\TrianglesScene</Filter>
    </ClCompile>
    <ClCompile Include="Source\UI\ImGuiImpl.cpp">
      <Filter>Source\UI</Filter>
    </ClCompile>
    <ClCompile Include="Source\UI\ImGuiRenderer.cpp">
      <Filter>Source\UI</Filter>
    </ClCompile>
    <ClCompile Include="Source\Window\Window.cpp">
      <Filter>Source\Window</Filter>
    </ClCompile>
    <ClCompile Include="Source\pch.cpp">
      <Filter>Source</Filter>
    </ClCompile>
  </ItemGroup>
  <ItemGroup>
    <None Include="Resources\Shaders\fragment_shader.glsl">
      <Filter>Resources\Shaders</Filter>
    </None>
    <None Include="Resources\Shaders\vertex_shader.glsl">
      <Filter>Resources\Shaders</Filter>
    </None>
    <None Include="premake5.lua" />
  </ItemGroup>
</Project>